
Microsoft Visual Studio Solution File, Format Version 12.00
Project("{FAE04EC0-301F-11D3-BF4B-00C04F79EFBC}") = "TicTacToe", "TicTacToe\TicTacToe.csproj", "{AEF6344B-E9BB-400B-8BF9-D262F12A876F}"
EndProject
Project("{FAE04EC0-301F-11D3-BF4B-00C04F79EFBC}") = "TicTacToe.Tests", "TicTacToe.Tests\TicTacToe.Tests.csproj", "{BFCE2795-84E2-4CFC-B52C-A4853B70F82F}"
EndProject
Global
	GlobalSection(SolutionConfigurationPlatforms) = preSolution
		Debug|Any CPU = Debug|Any CPU
		Release|Any CPU = Release|Any CPU
	EndGlobalSection
	GlobalSection(ProjectConfigurationPlatforms) = postSolution
		{AEF6344B-E9BB-400B-8BF9-D262F12A876F}.Debug|Any CPU.ActiveCfg = Debug|Any CPU
		{AEF6344B-E9BB-400B-8BF9-D262F12A876F}.Debug|Any CPU.Build.0 = Debug|Any CPU
		{AEF6344B-E9BB-400B-8BF9-D262F12A876F}.Release|Any CPU.ActiveCfg = Release|Any CPU
		{AEF6344B-E9BB-400B-8BF9-D262F12A876F}.Release|Any CPU.Build.0 = Release|Any CPU
		{BFCE2795-84E2-4CFC-B52C-A4853B70F82F}.Debug|Any CPU.ActiveCfg = Debug|Any CPU
		{BFCE2795-84E2-4CFC-B52C-A4853B70F82F}.Debug|Any CPU.Build.0 = Debug|Any CPU
		{BFCE2795-84E2-4CFC-B52C-A4853B70F82F}.Release|Any CPU.ActiveCfg = Release|Any CPU
		{BFCE2795-84E2-4CFC-B52C-A4853B70F82F}.Release|Any CPU.Build.0 = Release|Any CPU
	EndGlobalSection
EndGlobal
