
Microsoft Visual Studio Solution File, Format Version 12.00
Project("{FAE04EC0-301F-11D3-BF4B-00C04F79EFBC}") = "PasswordValidation", "PasswordValidation\PasswordValidation.csproj", "{82925B99-7A26-4A0A-BAC0-9DE7BAB28A8D}"
EndProject
Project("{FAE04EC0-301F-11D3-BF4B-00C04F79EFBC}") = "PasswordValidation.Tests", "PasswordValidation.Tests\PasswordValidation.Tests.csproj", "{7575A958-5E93-40E5-857A-FC6F929E199C}"
EndProject
Global
	GlobalSection(SolutionConfigurationPlatforms) = preSolution
		Debug|Any CPU = Debug|Any CPU
		Release|Any CPU = Release|Any CPU
	EndGlobalSection
	GlobalSection(ProjectConfigurationPlatforms) = postSolution
		{82925B99-7A26-4A0A-BAC0-9DE7BAB28A8D}.Debug|Any CPU.ActiveCfg = Debug|Any CPU
		{82925B99-7A26-4A0A-BAC0-9DE7BAB28A8D}.Debug|Any CPU.Build.0 = Debug|Any CPU
		{82925B99-7A26-4A0A-BAC0-9DE7BAB28A8D}.Release|Any CPU.ActiveCfg = Release|Any CPU
		{82925B99-7A26-4A0A-BAC0-9DE7BAB28A8D}.Release|Any CPU.Build.0 = Release|Any CPU
		{7575A958-5E93-40E5-857A-FC6F929E199C}.Debug|Any CPU.ActiveCfg = Debug|Any CPU
		{7575A958-5E93-40E5-857A-FC6F929E199C}.Debug|Any CPU.Build.0 = Debug|Any CPU
		{7575A958-5E93-40E5-857A-FC6F929E199C}.Release|Any CPU.ActiveCfg = Release|Any CPU
		{7575A958-5E93-40E5-857A-FC6F929E199C}.Release|Any CPU.Build.0 = Release|Any CPU
	EndGlobalSection
EndGlobal
