
Microsoft Visual Studio Solution File, Format Version 12.00
Project("{FAE04EC0-301F-11D3-BF4B-00C04F79EFBC}") = "SalarySlip", "SalarySlip\SalarySlip.csproj", "{A0F0FF89-B6E3-48F2-972E-6E97E3581E1C}"
EndProject
Project("{FAE04EC0-301F-11D3-BF4B-00C04F79EFBC}") = "SalarySlip.Tests", "SalarySlip.Tests\SalarySlip.Tests.csproj", "{7EAE25A0-2C98-470B-9BB4-46FAB9923E0D}"
EndProject
Global
	GlobalSection(SolutionConfigurationPlatforms) = preSolution
		Debug|Any CPU = Debug|Any CPU
		Release|Any CPU = Release|Any CPU
	EndGlobalSection
	GlobalSection(ProjectConfigurationPlatforms) = postSolution
		{A0F0FF89-B6E3-48F2-972E-6E97E3581E1C}.Debug|Any CPU.ActiveCfg = Debug|Any CPU
		{A0F0FF89-B6E3-48F2-972E-6E97E3581E1C}.Debug|Any CPU.Build.0 = Debug|Any CPU
		{A0F0FF89-B6E3-48F2-972E-6E97E3581E1C}.Release|Any CPU.ActiveCfg = Release|Any CPU
		{A0F0FF89-B6E3-48F2-972E-6E97E3581E1C}.Release|Any CPU.Build.0 = Release|Any CPU
		{7EAE25A0-2C98-470B-9BB4-46FAB9923E0D}.Debug|Any CPU.ActiveCfg = Debug|Any CPU
		{7EAE25A0-2C98-470B-9BB4-46FAB9923E0D}.Debug|Any CPU.Build.0 = Debug|Any CPU
		{7EAE25A0-2C98-470B-9BB4-46FAB9923E0D}.Release|Any CPU.ActiveCfg = Release|Any CPU
		{7EAE25A0-2C98-470B-9BB4-46FAB9923E0D}.Release|Any CPU.Build.0 = Release|Any CPU
	EndGlobalSection
EndGlobal
